
Microsoft Visual Studio Solution File, Format Version 12.00
# Visual Studio Version 16
VisualStudioVersion = 16.0.30804.86
MinimumVisualStudioVersion = 10.0.40219.1
Project("{FAE04EC0-301F-11D3-BF4B-00C04F79EFBC}") = "Kutuphane.Business", "Kutuphane.Business\Kutuphane.Business.csproj", "{0F917FB2-9E41-4067-9665-1A45A7520321}"
EndProject
Project("{FAE04EC0-301F-11D3-BF4B-00C04F79EFBC}") = "Kutuphane.Entities", "Kutuphane.Entities\Kutuphane.Entities.csproj", "{0DFB492A-8878-471C-9B2D-0038977BFAA0}"
EndProject
Project("{FAE04EC0-301F-11D3-BF4B-00C04F79EFBC}") = "Kutuphane.DataAccess", "Kutuphane.DataAccess\Kutuphane.DataAccess.csproj", "{945FBD30-9C6C-4D17-8755-9F4CE9D1633D}"
EndProject
Project("{FAE04EC0-301F-11D3-BF4B-00C04F79EFBC}") = "KutuphaneForm", "KutuphaneForm\KutuphaneForm.csproj", "{A8505BAB-C423-4F04-BBCC-0B7BB0C3E087}"
EndProject
Global
	GlobalSection(SolutionConfigurationPlatforms) = preSolution
		Debug|Any CPU = Debug|Any CPU
		Release|Any CPU = Release|Any CPU
	EndGlobalSection
	GlobalSection(ProjectConfigurationPlatforms) = postSolution
		{0F917FB2-9E41-4067-9665-1A45A7520321}.Debug|Any CPU.ActiveCfg = Debug|Any CPU
		{0F917FB2-9E41-4067-9665-1A45A7520321}.Debug|Any CPU.Build.0 = Debug|Any CPU
		{0F917FB2-9E41-4067-9665-1A45A7520321}.Release|Any CPU.ActiveCfg = Release|Any CPU
		{0F917FB2-9E41-4067-9665-1A45A7520321}.Release|Any CPU.Build.0 = Release|Any CPU
		{0DFB492A-8878-471C-9B2D-0038977BFAA0}.Debug|Any CPU.ActiveCfg = Debug|Any CPU
		{0DFB492A-8878-471C-9B2D-0038977BFAA0}.Debug|Any CPU.Build.0 = Debug|Any CPU
		{0DFB492A-8878-471C-9B2D-0038977BFAA0}.Release|Any CPU.ActiveCfg = Release|Any CPU
		{0DFB492A-8878-471C-9B2D-0038977BFAA0}.Release|Any CPU.Build.0 = Release|Any CPU
		{945FBD30-9C6C-4D17-8755-9F4CE9D1633D}.Debug|Any CPU.ActiveCfg = Debug|Any CPU
		{945FBD30-9C6C-4D17-8755-9F4CE9D1633D}.Debug|Any CPU.Build.0 = Debug|Any CPU
		{945FBD30-9C6C-4D17-8755-9F4CE9D1633D}.Release|Any CPU.ActiveCfg = Release|Any CPU
		{945FBD30-9C6C-4D17-8755-9F4CE9D1633D}.Release|Any CPU.Build.0 = Release|Any CPU
		{A8505BAB-C423-4F04-BBCC-0B7BB0C3E087}.Debug|Any CPU.ActiveCfg = Debug|Any CPU
		{A8505BAB-C423-4F04-BBCC-0B7BB0C3E087}.Debug|Any CPU.Build.0 = Debug|Any CPU
		{A8505BAB-C423-4F04-BBCC-0B7BB0C3E087}.Release|Any CPU.ActiveCfg = Release|Any CPU
		{A8505BAB-C423-4F04-BBCC-0B7BB0C3E087}.Release|Any CPU.Build.0 = Release|Any CPU
	EndGlobalSection
	GlobalSection(SolutionProperties) = preSolution
		HideSolutionNode = FALSE
	EndGlobalSection
	GlobalSection(ExtensibilityGlobals) = postSolution
		SolutionGuid = {2C33A7AF-EF15-4452-9888-443D1E47777B}
	EndGlobalSection
EndGlobal
